// !$*UTF8*$!
{
	archiveVersion = 1;
	classes = {
	};
	objectVersion = 56;
	objects = {

/* Begin PBXBuildFile section */
		203F1A402B5299720069C4D6 /* JailbreakDetectorApp.swift in Sources */ = {isa = PBXBuildFile; fileRef = 203F1A3F2B5299720069C4D6 /* JailbreakDetectorApp.swift */; };
		203F1A422B5299720069C4D6 /* ContentView.swift in Sources */ = {isa = PBXBuildFile; fileRef = 203F1A412B5299720069C4D6 /* ContentView.swift */; };
		203F1A442B5299750069C4D6 /* Assets.xcassets in Resources */ = {isa = PBXBuildFile; fileRef = 203F1A432B5299750069C4D6 /* Assets.xcassets */; };
		203F1A472B5299750069C4D6 /* Preview Assets.xcassets in Resources */ = {isa = PBXBuildFile; fileRef = 203F1A462B5299750069C4D6 /* Preview Assets.xcassets */; };
		203F1A512B5299750069C4D6 /* JailbreakDetectorTests.swift in Sources */ = {isa = PBXBuildFile; fileRef = 203F1A502B5299750069C4D6 /* JailbreakDetectorTests.swift */; };
		203F1A5B2B5299750069C4D6 /* JailbreakDetectorUITests.swift in Sources */ = {isa = PBXBuildFile; fileRef = 203F1A5A2B5299750069C4D6 /* JailbreakDetectorUITests.swift */; };
		203F1A5D2B5299750069C4D6 /* JailbreakDetectorUITestsLaunchTests.swift in Sources */ = {isa = PBXBuildFile; fileRef = 203F1A5C2B5299750069C4D6 /* JailbreakDetectorUITestsLaunchTests.swift */; };
		203F1A6C2B529B9E0069C4D6 /* JailbreakCheckContents.swift in Sources */ = {isa = PBXBuildFile; fileRef = 203F1A6B2B529B9E0069C4D6 /* JailbreakCheckContents.swift */; };
		203F1A6F2B52A0DF0069C4D6 /* PathChecker.swift in Sources */ = {isa = PBXBuildFile; fileRef = 203F1A6E2B52A0DF0069C4D6 /* PathChecker.swift */; };
		2073B34C2B88649E007B5B2C /* FileChecker.swift in Sources */ = {isa = PBXBuildFile; fileRef = 2073B34B2B88649E007B5B2C /* FileChecker.swift */; };
		2073B34F2B88EB41007B5B2C /* CheckResultView.swift in Sources */ = {isa = PBXBuildFile; fileRef = 2073B34E2B88EB41007B5B2C /* CheckResultView.swift */; };
		2073B3512B88EECF007B5B2C /* SandboxChecker.swift in Sources */ = {isa = PBXBuildFile; fileRef = 2073B3502B88EECF007B5B2C /* SandboxChecker.swift */; };
		2073B3532B88F012007B5B2C /* SystemAPICallChecker.swift in Sources */ = {isa = PBXBuildFile; fileRef = 2073B3522B88F012007B5B2C /* SystemAPICallChecker.swift */; };
		2073B3552B890A4D007B5B2C /* LibraryInjectionChecker.swift in Sources */ = {isa = PBXBuildFile; fileRef = 2073B3542B890A4D007B5B2C /* LibraryInjectionChecker.swift */; };
/* End PBXBuildFile section */

/* Begin PBXContainerItemProxy section */
		203F1A4D2B5299750069C4D6 /* PBXContainerItemProxy */ = {
			isa = PBXContainerItemProxy;
			containerPortal = 203F1A342B5299720069C4D6 /* Project object */;
			proxyType = 1;
			remoteGlobalIDString = 203F1A3B2B5299720069C4D6;
			remoteInfo = JailbreakDetector;
		};
		203F1A572B5299750069C4D6 /* PBXContainerItemProxy */ = {
			isa = PBXContainerItemProxy;
			containerPortal = 203F1A342B5299720069C4D6 /* Project object */;
			proxyType = 1;
			remoteGlobalIDString = 203F1A3B2B5299720069C4D6;
			remoteInfo = JailbreakDetector;
		};
/* End PBXContainerItemProxy section */

/* Begin PBXFileReference section */
		203F1A3C2B5299720069C4D6 /* JailbreakDetector.app */ = {isa = PBXFileReference; explicitFileType = wrapper.application; includeInIndex = 0; path = JailbreakDetector.app; sourceTree = BUILT_PRODUCTS_DIR; };
		203F1A3F2B5299720069C4D6 /* JailbreakDetectorApp.swift */ = {isa = PBXFileReference; lastKnownFileType = sourcecode.swift; path = JailbreakDetectorApp.swift; sourceTree = "<group>"; };
		203F1A412B5299720069C4D6 /* ContentView.swift */ = {isa = PBXFileReference; lastKnownFileType = sourcecode.swift; path = ContentView.swift; sourceTree = "<group>"; };
		203F1A432B5299750069C4D6 /* Assets.xcassets */ = {isa = PBXFileReference; lastKnownFileType = folder.assetcatalog; path = Assets.xcassets; sourceTree = "<group>"; };
		203F1A462B5299750069C4D6 /* Preview Assets.xcassets */ = {isa = PBXFileReference; lastKnownFileType = folder.assetcatalog; path = "Preview Assets.xcassets"; sourceTree = "<group>"; };
		203F1A4C2B5299750069C4D6 /* JailbreakDetectorTests.xctest */ = {isa = PBXFileReference; explicitFileType = wrapper.cfbundle; includeInIndex = 0; path = JailbreakDetectorTests.xctest; sourceTree = BUILT_PRODUCTS_DIR; };
		203F1A502B5299750069C4D6 /* JailbreakDetectorTests.swift */ = {isa = PBXFileReference; lastKnownFileType = sourcecode.swift; path = JailbreakDetectorTests.swift; sourceTree = "<group>"; };
		203F1A562B5299750069C4D6 /* JailbreakDetectorUITests.xctest */ = {isa = PBXFileReference; explicitFileType = wrapper.cfbundle; includeInIndex = 0; path = JailbreakDetectorUITests.xctest; sourceTree = BUILT_PRODUCTS_DIR; };
		203F1A5A2B5299750069C4D6 /* JailbreakDetectorUITests.swift */ = {isa = PBXFileReference; lastKnownFileType = sourcecode.swift; path = JailbreakDetectorUITests.swift; sourceTree = "<group>"; };
		203F1A5C2B5299750069C4D6 /* JailbreakDetectorUITestsLaunchTests.swift */ = {isa = PBXFileReference; lastKnownFileType = sourcecode.swift; path = JailbreakDetectorUITestsLaunchTests.swift; sourceTree = "<group>"; };
		203F1A6B2B529B9E0069C4D6 /* JailbreakCheckContents.swift */ = {isa = PBXFileReference; lastKnownFileType = sourcecode.swift; path = JailbreakCheckContents.swift; sourceTree = "<group>"; };
		203F1A6E2B52A0DF0069C4D6 /* PathChecker.swift */ = {isa = PBXFileReference; lastKnownFileType = sourcecode.swift; path = PathChecker.swift; sourceTree = "<group>"; };
		2073B34A2B87A339007B5B2C /* Info.plist */ = {isa = PBXFileReference; lastKnownFileType = text.plist; path = Info.plist; sourceTree = "<group>"; };
		2073B34B2B88649E007B5B2C /* FileChecker.swift */ = {isa = PBXFileReference; lastKnownFileType = sourcecode.swift; path = FileChecker.swift; sourceTree = "<group>"; };
		2073B34E2B88EB41007B5B2C /* CheckResultView.swift */ = {isa = PBXFileReference; lastKnownFileType = sourcecode.swift; path = CheckResultView.swift; sourceTree = "<group>"; };
		2073B3502B88EECF007B5B2C /* SandboxChecker.swift */ = {isa = PBXFileReference; lastKnownFileType = sourcecode.swift; path = SandboxChecker.swift; sourceTree = "<group>"; };
		2073B3522B88F012007B5B2C /* SystemAPICallChecker.swift */ = {isa = PBXFileReference; lastKnownFileType = sourcecode.swift; path = SystemAPICallChecker.swift; sourceTree = "<group>"; };
		2073B3542B890A4D007B5B2C /* LibraryInjectionChecker.swift */ = {isa = PBXFileReference; lastKnownFileType = sourcecode.swift; path = LibraryInjectionChecker.swift; sourceTree = "<group>"; };
/* End PBXFileReference section */

/* Begin PBXFrameworksBuildPhase section */
		203F1A392B5299720069C4D6 /* Frameworks */ = {
			isa = PBXFrameworksBuildPhase;
			buildActionMask = 2147483647;
			files = (
			);
			runOnlyForDeploymentPostprocessing = 0;
		};
		203F1A492B5299750069C4D6 /* Frameworks */ = {
			isa = PBXFrameworksBuildPhase;
			buildActionMask = 2147483647;
			files = (
			);
			runOnlyForDeploymentPostprocessing = 0;
		};
		203F1A532B5299750069C4D6 /* Frameworks */ = {
			isa = PBXFrameworksBuildPhase;
			buildActionMask = 2147483647;
			files = (
			);
			runOnlyForDeploymentPostprocessing = 0;
		};
/* End PBXFrameworksBuildPhase section */

/* Begin PBXGroup section */
		203F1A332B5299720069C4D6 = {
			isa = PBXGroup;
			children = (
				203F1A3E2B5299720069C4D6 /* JailbreakDetector */,
				203F1A4F2B5299750069C4D6 /* JailbreakDetectorTests */,
				203F1A592B5299750069C4D6 /* JailbreakDetectorUITests */,
				203F1A3D2B5299720069C4D6 /* Products */,
			);
			sourceTree = "<group>";
		};
		203F1A3D2B5299720069C4D6 /* Products */ = {
			isa = PBXGroup;
			children = (
				203F1A3C2B5299720069C4D6 /* JailbreakDetector.app */,
				203F1A4C2B5299750069C4D6 /* JailbreakDetectorTests.xctest */,
				203F1A562B5299750069C4D6 /* JailbreakDetectorUITests.xctest */,
			);
			name = Products;
			sourceTree = "<group>";
		};
		203F1A3E2B5299720069C4D6 /* JailbreakDetector */ = {
			isa = PBXGroup;
			children = (
				2073B34D2B88EB2E007B5B2C /* Views */,
				2073B34A2B87A339007B5B2C /* Info.plist */,
				203F1A6D2B52A0CF0069C4D6 /* checkList */,
				203F1A692B529B5D0069C4D6 /* entity */,
				203F1A3F2B5299720069C4D6 /* JailbreakDetectorApp.swift */,
				203F1A412B5299720069C4D6 /* ContentView.swift */,
				203F1A432B5299750069C4D6 /* Assets.xcassets */,
				203F1A452B5299750069C4D6 /* Preview Content */,
			);
			path = JailbreakDetector;
			sourceTree = "<group>";
		};
		203F1A452B5299750069C4D6 /* Preview Content */ = {
			isa = PBXGroup;
			children = (
				203F1A462B5299750069C4D6 /* Preview Assets.xcassets */,
			);
			path = "Preview Content";
			sourceTree = "<group>";
		};
		203F1A4F2B5299750069C4D6 /* JailbreakDetectorTests */ = {
			isa = PBXGroup;
			children = (
				203F1A502B5299750069C4D6 /* JailbreakDetectorTests.swift */,
			);
			path = JailbreakDetectorTests;
			sourceTree = "<group>";
		};
		203F1A592B5299750069C4D6 /* JailbreakDetectorUITests */ = {
			isa = PBXGroup;
			children = (
				203F1A5A2B5299750069C4D6 /* JailbreakDetectorUITests.swift */,
				203F1A5C2B5299750069C4D6 /* JailbreakDetectorUITestsLaunchTests.swift */,
			);
			path = JailbreakDetectorUITests;
			sourceTree = "<group>";
		};
		203F1A692B529B5D0069C4D6 /* entity */ = {
			isa = PBXGroup;
			children = (
				203F1A6B2B529B9E0069C4D6 /* JailbreakCheckContents.swift */,
			);
			path = entity;
			sourceTree = "<group>";
		};
		203F1A6D2B52A0CF0069C4D6 /* checkList */ = {
			isa = PBXGroup;
			children = (
				203F1A6E2B52A0DF0069C4D6 /* PathChecker.swift */,
				2073B34B2B88649E007B5B2C /* FileChecker.swift */,
				2073B3502B88EECF007B5B2C /* SandboxChecker.swift */,
				2073B3522B88F012007B5B2C /* SystemAPICallChecker.swift */,
				2073B3542B890A4D007B5B2C /* LibraryInjectionChecker.swift */,
			);
			path = checkList;
			sourceTree = "<group>";
		};
		2073B34D2B88EB2E007B5B2C /* Views */ = {
			isa = PBXGroup;
			children = (
				2073B34E2B88EB41007B5B2C /* CheckResultView.swift */,
			);
			path = Views;
			sourceTree = "<group>";
		};
/* End PBXGroup section */

/* Begin PBXNativeTarget section */
		203F1A3B2B5299720069C4D6 /* JailbreakDetector */ = {
			isa = PBXNativeTarget;
			buildConfigurationList = 203F1A602B5299750069C4D6 /* Build configuration list for PBXNativeTarget "JailbreakDetector" */;
			buildPhases = (
				203F1A382B5299720069C4D6 /* Sources */,
				203F1A392B5299720069C4D6 /* Frameworks */,
				203F1A3A2B5299720069C4D6 /* Resources */,
			);
			buildRules = (
			);
			dependencies = (
			);
			name = JailbreakDetector;
			productName = JailbreakDetector;
			productReference = 203F1A3C2B5299720069C4D6 /* JailbreakDetector.app */;
			productType = "com.apple.product-type.application";
		};
		203F1A4B2B5299750069C4D6 /* JailbreakDetectorTests */ = {
			isa = PBXNativeTarget;
			buildConfigurationList = 203F1A632B5299750069C4D6 /* Build configuration list for PBXNativeTarget "JailbreakDetectorTests" */;
			buildPhases = (
				203F1A482B5299750069C4D6 /* Sources */,
				203F1A492B5299750069C4D6 /* Frameworks */,
				203F1A4A2B5299750069C4D6 /* Resources */,
			);
			buildRules = (
			);
			dependencies = (
				203F1A4E2B5299750069C4D6 /* PBXTargetDependency */,
			);
			name = JailbreakDetectorTests;
			productName = JailbreakDetectorTests;
			productReference = 203F1A4C2B5299750069C4D6 /* JailbreakDetectorTests.xctest */;
			productType = "com.apple.product-type.bundle.unit-test";
		};
		203F1A552B5299750069C4D6 /* JailbreakDetectorUITests */ = {
			isa = PBXNativeTarget;
			buildConfigurationList = 203F1A662B5299750069C4D6 /* Build configuration list for PBXNativeTarget "JailbreakDetectorUITests" */;
			buildPhases = (
				203F1A522B5299750069C4D6 /* Sources */,
				203F1A532B5299750069C4D6 /* Frameworks */,
				203F1A542B5299750069C4D6 /* Resources */,
			);
			buildRules = (
			);
			dependencies = (
				203F1A582B5299750069C4D6 /* PBXTargetDependency */,
			);
			name = JailbreakDetectorUITests;
			productName = JailbreakDetectorUITests;
			productReference = 203F1A562B5299750069C4D6 /* JailbreakDetectorUITests.xctest */;
			productType = "com.apple.product-type.bundle.ui-testing";
		};
/* End PBXNativeTarget section */

/* Begin PBXProject section */
		203F1A342B5299720069C4D6 /* Project object */ = {
			isa = PBXProject;
			attributes = {
				BuildIndependentTargetsInParallel = 1;
				LastSwiftUpdateCheck = 1520;
				LastUpgradeCheck = 1520;
				TargetAttributes = {
					203F1A3B2B5299720069C4D6 = {
						CreatedOnToolsVersion = 15.2;
					};
					203F1A4B2B5299750069C4D6 = {
						CreatedOnToolsVersion = 15.2;
						TestTargetID = 203F1A3B2B5299720069C4D6;
					};
					203F1A552B5299750069C4D6 = {
						CreatedOnToolsVersion = 15.2;
						TestTargetID = 203F1A3B2B5299720069C4D6;
					};
				};
			};
			buildConfigurationList = 203F1A372B5299720069C4D6 /* Build configuration list for PBXProject "JailbreakDetector" */;
			compatibilityVersion = "Xcode 14.0";
			developmentRegion = en;
			hasScannedForEncodings = 0;
			knownRegions = (
				en,
				Base,
			);
			mainGroup = 203F1A332B5299720069C4D6;
			productRefGroup = 203F1A3D2B5299720069C4D6 /* Products */;
			projectDirPath = "";
			projectRoot = "";
			targets = (
				203F1A3B2B5299720069C4D6 /* JailbreakDetector */,
				203F1A4B2B5299750069C4D6 /* JailbreakDetectorTests */,
				203F1A552B5299750069C4D6 /* JailbreakDetectorUITests */,
			);
		};
/* End PBXProject section */

/* Begin PBXResourcesBuildPhase section */
		203F1A3A2B5299720069C4D6 /* Resources */ = {
			isa = PBXResourcesBuildPhase;
			buildActionMask = 2147483647;
			files = (
				203F1A472B5299750069C4D6 /* Preview Assets.xcassets in Resources */,
				203F1A442B5299750069C4D6 /* Assets.xcassets in Resources */,
			);
			runOnlyForDeploymentPostprocessing = 0;
		};
		203F1A4A2B5299750069C4D6 /* Resources */ = {
			isa = PBXResourcesBuildPhase;
			buildActionMask = 2147483647;
			files = (
			);
			runOnlyForDeploymentPostprocessing = 0;
		};
		203F1A542B5299750069C4D6 /* Resources */ = {
			isa = PBXResourcesBuildPhase;
			buildActionMask = 2147483647;
			files = (
			);
			runOnlyForDeploymentPostprocessing = 0;
		};
/* End PBXResourcesBuildPhase section */

/* Begin PBXSourcesBuildPhase section */
		203F1A382B5299720069C4D6 /* Sources */ = {
			isa = PBXSourcesBuildPhase;
			buildActionMask = 2147483647;
			files = (
				2073B34F2B88EB41007B5B2C /* CheckResultView.swift in Sources */,
				2073B3552B890A4D007B5B2C /* LibraryInjectionChecker.swift in Sources */,
				203F1A6C2B529B9E0069C4D6 /* JailbreakCheckContents.swift in Sources */,
				203F1A422B5299720069C4D6 /* ContentView.swift in Sources */,
				203F1A6F2B52A0DF0069C4D6 /* PathChecker.swift in Sources */,
				203F1A402B5299720069C4D6 /* JailbreakDetectorApp.swift in Sources */,
				2073B3532B88F012007B5B2C /* SystemAPICallChecker.swift in Sources */,
				2073B34C2B88649E007B5B2C /* FileChecker.swift in Sources */,
				2073B3512B88EECF007B5B2C /* SandboxChecker.swift in Sources */,
			);
			runOnlyForDeploymentPostprocessing = 0;
		};
		203F1A482B5299750069C4D6 /* Sources */ = {
			isa = PBXSourcesBuildPhase;
			buildActionMask = 2147483647;
			files = (
				203F1A512B5299750069C4D6 /* JailbreakDetectorTests.swift in Sources */,
			);
			runOnlyForDeploymentPostprocessing = 0;
		};
		203F1A522B5299750069C4D6 /* Sources */ = {
			isa = PBXSourcesBuildPhase;
			buildActionMask = 2147483647;
			files = (
				203F1A5D2B5299750069C4D6 /* JailbreakDetectorUITestsLaunchTests.swift in Sources */,
				203F1A5B2B5299750069C4D6 /* JailbreakDetectorUITests.swift in Sources */,
			);
			runOnlyForDeploymentPostprocessing = 0;
		};
/* End PBXSourcesBuildPhase section */

/* Begin PBXTargetDependency section */
		203F1A4E2B5299750069C4D6 /* PBXTargetDependency */ = {
			isa = PBXTargetDependency;
			target = 203F1A3B2B5299720069C4D6 /* JailbreakDetector */;
			targetProxy = 203F1A4D2B5299750069C4D6 /* PBXContainerItemProxy */;
		};
		203F1A582B5299750069C4D6 /* PBXTargetDependency */ = {
			isa = PBXTargetDependency;
			target = 203F1A3B2B5299720069C4D6 /* JailbreakDetector */;
			targetProxy = 203F1A572B5299750069C4D6 /* PBXContainerItemProxy */;
		};
/* End PBXTargetDependency section */

/* Begin XCBuildConfiguration section */
		203F1A5E2B5299750069C4D6 /* Debug */ = {
			isa = XCBuildConfiguration;
			buildSettings = {
				ALWAYS_SEARCH_USER_PATHS = NO;
				ASSETCATALOG_COMPILER_GENERATE_SWIFT_ASSET_SYMBOL_EXTENSIONS = YES;
				CLANG_ANALYZER_NONNULL = YES;
				CLANG_ANALYZER_NUMBER_OBJECT_CONVERSION = YES_AGGRESSIVE;
				CLANG_CXX_LANGUAGE_STANDARD = "gnu++20";
				CLANG_ENABLE_MODULES = YES;
				CLANG_ENABLE_OBJC_ARC = YES;
				CLANG_ENABLE_OBJC_WEAK = YES;
				CLANG_WARN_BLOCK_CAPTURE_AUTORELEASING = YES;
				CLANG_WARN_BOOL_CONVERSION = YES;
				CLANG_WARN_COMMA = YES;
				CLANG_WARN_CONSTANT_CONVERSION = YES;
				CLANG_WARN_DEPRECATED_OBJC_IMPLEMENTATIONS = YES;
				CLANG_WARN_DIRECT_OBJC_ISA_USAGE = YES_ERROR;
				CLANG_WARN_DOCUMENTATION_COMMENTS = YES;
				CLANG_WARN_EMPTY_BODY = YES;
				CLANG_WARN_ENUM_CONVERSION = YES;
				CLANG_WARN_INFINITE_RECURSION = YES;
				CLANG_WARN_INT_CONVERSION = YES;
				CLANG_WARN_NON_LITERAL_NULL_CONVERSION = YES;
				CLANG_WARN_OBJC_IMPLICIT_RETAIN_SELF = YES;
				CLANG_WARN_OBJC_LITERAL_CONVERSION = YES;
				CLANG_WARN_OBJC_ROOT_CLASS = YES_ERROR;
				CLANG_WARN_QUOTED_INCLUDE_IN_FRAMEWORK_HEADER = YES;
				CLANG_WARN_RANGE_LOOP_ANALYSIS = YES;
				CLANG_WARN_STRICT_PROTOTYPES = YES;
				CLANG_WARN_SUSPICIOUS_MOVE = YES;
				CLANG_WARN_UNGUARDED_AVAILABILITY = YES_AGGRESSIVE;
				CLANG_WARN_UNREACHABLE_CODE = YES;
				CLANG_WARN__DUPLICATE_METHOD_MATCH = YES;
				COPY_PHASE_STRIP = NO;
				DEBUG_INFORMATION_FORMAT = dwarf;
				ENABLE_STRICT_OBJC_MSGSEND = YES;
				ENABLE_TESTABILITY = YES;
				ENABLE_USER_SCRIPT_SANDBOXING = YES;
				GCC_C_LANGUAGE_STANDARD = gnu17;
				GCC_DYNAMIC_NO_PIC = NO;
				GCC_NO_COMMON_BLOCKS = YES;
				GCC_OPTIMIZATION_LEVEL = 0;
				GCC_PREPROCESSOR_DEFINITIONS = (
					"DEBUG=1",
					"$(inherited)",
				);
				GCC_WARN_64_TO_32_BIT_CONVERSION = YES;
				GCC_WARN_ABOUT_RETURN_TYPE = YES_ERROR;
				GCC_WARN_UNDECLARED_SELECTOR = YES;
				GCC_WARN_UNINITIALIZED_AUTOS = YES_AGGRESSIVE;
				GCC_WARN_UNUSED_FUNCTION = YES;
				GCC_WARN_UNUSED_VARIABLE = YES;
				IPHONEOS_DEPLOYMENT_TARGET = 17.2;
				LOCALIZATION_PREFERS_STRING_CATALOGS = YES;
				MTL_ENABLE_DEBUG_INFO = INCLUDE_SOURCE;
				MTL_FAST_MATH = YES;
				ONLY_ACTIVE_ARCH = YES;
				SDKROOT = iphoneos;
				SWIFT_ACTIVE_COMPILATION_CONDITIONS = "DEBUG $(inherited)";
				SWIFT_OPTIMIZATION_LEVEL = "-Onone";
			};
			name = Debug;
		};
		203F1A5F2B5299750069C4D6 /* Release */ = {
			isa = XCBuildConfiguration;
			buildSettings = {
				ALWAYS_SEARCH_USER_PATHS = NO;
				ASSETCATALOG_COMPILER_GENERATE_SWIFT_ASSET_SYMBOL_EXTENSIONS = YES;
				CLANG_ANALYZER_NONNULL = YES;
				CLANG_ANALYZER_NUMBER_OBJECT_CONVERSION = YES_AGGRESSIVE;
				CLANG_CXX_LANGUAGE_STANDARD = "gnu++20";
				CLANG_ENABLE_MODULES = YES;
				CLANG_ENABLE_OBJC_ARC = YES;
				CLANG_ENABLE_OBJC_WEAK = YES;
				CLANG_WARN_BLOCK_CAPTURE_AUTORELEASING = YES;
				CLANG_WARN_BOOL_CONVERSION = YES;
				CLANG_WARN_COMMA = YES;
				CLANG_WARN_CONSTANT_CONVERSION = YES;
				CLANG_WARN_DEPRECATED_OBJC_IMPLEMENTATIONS = YES;
				CLANG_WARN_DIRECT_OBJC_ISA_USAGE = YES_ERROR;
				CLANG_WARN_DOCUMENTATION_COMMENTS = YES;
				CLANG_WARN_EMPTY_BODY = YES;
				CLANG_WARN_ENUM_CONVERSION = YES;
				CLANG_WARN_INFINITE_RECURSION = YES;
				CLANG_WARN_INT_CONVERSION = YES;
				CLANG_WARN_NON_LITERAL_NULL_CONVERSION = YES;
				CLANG_WARN_OBJC_IMPLICIT_RETAIN_SELF = YES;
				CLANG_WARN_OBJC_LITERAL_CONVERSION = YES;
				CLANG_WARN_OBJC_ROOT_CLASS = YES_ERROR;
				CLANG_WARN_QUOTED_INCLUDE_IN_FRAMEWORK_HEADER = YES;
				CLANG_WARN_RANGE_LOOP_ANALYSIS = YES;
				CLANG_WARN_STRICT_PROTOTYPES = YES;
				CLANG_WARN_SUSPICIOUS_MOVE = YES;
				CLANG_WARN_UNGUARDED_AVAILABILITY = YES_AGGRESSIVE;
				CLANG_WARN_UNREACHABLE_CODE = YES;
				CLANG_WARN__DUPLICATE_METHOD_MATCH = YES;
				COPY_PHASE_STRIP = NO;
				DEBUG_INFORMATION_FORMAT = "dwarf-with-dsym";
				ENABLE_NS_ASSERTIONS = NO;
				ENABLE_STRICT_OBJC_MSGSEND = YES;
				ENABLE_USER_SCRIPT_SANDBOXING = YES;
				GCC_C_LANGUAGE_STANDARD = gnu17;
				GCC_NO_COMMON_BLOCKS = YES;
				GCC_WARN_64_TO_32_BIT_CONVERSION = YES;
				GCC_WARN_ABOUT_RETURN_TYPE = YES_ERROR;
				GCC_WARN_UNDECLARED_SELECTOR = YES;
				GCC_WARN_UNINITIALIZED_AUTOS = YES_AGGRESSIVE;
				GCC_WARN_UNUSED_FUNCTION = YES;
				GCC_WARN_UNUSED_VARIABLE = YES;
				IPHONEOS_DEPLOYMENT_TARGET = 17.2;
				LOCALIZATION_PREFERS_STRING_CATALOGS = YES;
				MTL_ENABLE_DEBUG_INFO = NO;
				MTL_FAST_MATH = YES;
				SDKROOT = iphoneos;
				SWIFT_COMPILATION_MODE = wholemodule;
				VALIDATE_PRODUCT = YES;
			};
			name = Release;
		};
		203F1A612B5299750069C4D6 /* Debug */ = {
			isa = XCBuildConfiguration;
			buildSettings = {
				ASSETCATALOG_COMPILER_APPICON_NAME = AppIcon;
				ASSETCATALOG_COMPILER_GLOBAL_ACCENT_COLOR_NAME = AccentColor;
				CODE_SIGN_STYLE = Automatic;
				CURRENT_PROJECT_VERSION = 1;
				DEVELOPMENT_ASSET_PATHS = "\"JailbreakDetector/Preview Content\"";
				DEVELOPMENT_TEAM = WQ6E4DAU7T;
				ENABLE_PREVIEWS = YES;
				GENERATE_INFOPLIST_FILE = YES;
				INFOPLIST_FILE = JailbreakDetector/Info.plist;
				INFOPLIST_KEY_UIApplicationSceneManifest_Generation = YES;
				INFOPLIST_KEY_UIApplicationSupportsIndirectInputEvents = YES;
				INFOPLIST_KEY_UILaunchScreen_Generation = YES;
				INFOPLIST_KEY_UISupportedInterfaceOrientations_iPad = "UIInterfaceOrientationPortrait UIInterfaceOrientationPortraitUpsideDown UIInterfaceOrientationLandscapeLeft UIInterfaceOrientationLandscapeRight";
				INFOPLIST_KEY_UISupportedInterfaceOrientations_iPhone = "UIInterfaceOrientationPortrait UIInterfaceOrientationLandscapeLeft UIInterfaceOrientationLandscapeRight";
				IPHONEOS_DEPLOYMENT_TARGET = 16.3;
				LD_RUNPATH_SEARCH_PATHS = (
					"$(inherited)",
					"@executable_path/Frameworks",
				);
				MARKETING_VERSION = 1.0;
				PRODUCT_BUNDLE_IDENTIFIER = com.ryosism.JailbreakDetector;
				PRODUCT_NAME = "$(TARGET_NAME)";
				SWIFT_EMIT_LOC_STRINGS = YES;
				SWIFT_VERSION = 5.0;
				TARGETED_DEVICE_FAMILY = "1,2";
			};
			name = Debug;
		};
		203F1A622B5299750069C4D6 /* Release */ = {
			isa = XCBuildConfiguration;
			buildSettings = {
				ASSETCATALOG_COMPILER_APPICON_NAME = AppIcon;
				ASSETCATALOG_COMPILER_GLOBAL_ACCENT_COLOR_NAME = AccentColor;
				CODE_SIGN_STYLE = Automatic;
				CURRENT_PROJECT_VERSION = 1;
				DEVELOPMENT_ASSET_PATHS = "\"JailbreakDetector/Preview Content\"";
				DEVELOPMENT_TEAM = WQ6E4DAU7T;
				ENABLE_PREVIEWS = YES;
				GENERATE_INFOPLIST_FILE = YES;
				INFOPLIST_FILE = JailbreakDetector/Info.plist;
				INFOPLIST_KEY_UIApplicationSceneManifest_Generation = YES;
				INFOPLIST_KEY_UIApplicationSupportsIndirectInputEvents = YES;
				INFOPLIST_KEY_UILaunchScreen_Generation = YES;
				INFOPLIST_KEY_UISupportedInterfaceOrientations_iPad = "UIInterfaceOrientationPortrait UIInterfaceOrientationPortraitUpsideDown UIInterfaceOrientationLandscapeLeft UIInterfaceOrientationLandscapeRight";
				INFOPLIST_KEY_UISupportedInterfaceOrientations_iPhone = "UIInterfaceOrientationPortrait UIInterfaceOrientationLandscapeLeft UIInterfaceOrientationLandscapeRight";
				IPHONEOS_DEPLOYMENT_TARGET = 16.3;
				LD_RUNPATH_SEARCH_PATHS = (
					"$(inherited)",
					"@executable_path/Frameworks",
				);
				MARKETING_VERSION = 1.0;
				PRODUCT_BUNDLE_IDENTIFIER = com.ryosism.JailbreakDetector;
				PRODUCT_NAME = "$(TARGET_NAME)";
				SWIFT_EMIT_LOC_STRINGS = YES;
				SWIFT_VERSION = 5.0;
				TARGETED_DEVICE_FAMILY = "1,2";
			};
			name = Release;
		};
		203F1A642B5299750069C4D6 /* Debug */ = {
			isa = XCBuildConfiguration;
			buildSettings = {
				ALWAYS_EMBED_SWIFT_STANDARD_LIBRARIES = YES;
				BUNDLE_LOADER = "$(TEST_HOST)";
				CODE_SIGN_STYLE = Automatic;
				CURRENT_PROJECT_VERSION = 1;
				DEVELOPMENT_TEAM = WQ6E4DAU7T;
				GENERATE_INFOPLIST_FILE = YES;
				IPHONEOS_DEPLOYMENT_TARGET = 17.2;
				MARKETING_VERSION = 1.0;
				PRODUCT_BUNDLE_IDENTIFIER = com.ryosism.JailbreakDetectorTests;
				PRODUCT_NAME = "$(TARGET_NAME)";
				SWIFT_EMIT_LOC_STRINGS = NO;
				SWIFT_VERSION = 5.0;
				TARGETED_DEVICE_FAMILY = "1,2";
				TEST_HOST = "$(BUILT_PRODUCTS_DIR)/JailbreakDetector.app/$(BUNDLE_EXECUTABLE_FOLDER_PATH)/JailbreakDetector";
			};
			name = Debug;
		};
		203F1A652B5299750069C4D6 /* Release */ = {
			isa = XCBuildConfiguration;
			buildSettings = {
				ALWAYS_EMBED_SWIFT_STANDARD_LIBRARIES = YES;
				BUNDLE_LOADER = "$(TEST_HOST)";
				CODE_SIGN_STYLE = Automatic;
				CURRENT_PROJECT_VERSION = 1;
				DEVELOPMENT_TEAM = WQ6E4DAU7T;
				GENERATE_INFOPLIST_FILE = YES;
				IPHONEOS_DEPLOYMENT_TARGET = 17.2;
				MARKETING_VERSION = 1.0;
				PRODUCT_BUNDLE_IDENTIFIER = com.ryosism.JailbreakDetectorTests;
				PRODUCT_NAME = "$(TARGET_NAME)";
				SWIFT_EMIT_LOC_STRINGS = NO;
				SWIFT_VERSION = 5.0;
				TARGETED_DEVICE_FAMILY = "1,2";
				TEST_HOST = "$(BUILT_PRODUCTS_DIR)/JailbreakDetector.app/$(BUNDLE_EXECUTABLE_FOLDER_PATH)/JailbreakDetector";
			};
			name = Release;
		};
		203F1A672B5299750069C4D6 /* Debug */ = {
			isa = XCBuildConfiguration;
			buildSettings = {
				ALWAYS_EMBED_SWIFT_STANDARD_LIBRARIES = YES;
				CODE_SIGN_STYLE = Automatic;
				CURRENT_PROJECT_VERSION = 1;
				DEVELOPMENT_TEAM = WQ6E4DAU7T;
				GENERATE_INFOPLIST_FILE = YES;
				MARKETING_VERSION = 1.0;
				PRODUCT_BUNDLE_IDENTIFIER = com.ryosism.JailbreakDetectorUITests;
				PRODUCT_NAME = "$(TARGET_NAME)";
				SWIFT_EMIT_LOC_STRINGS = NO;
				SWIFT_VERSION = 5.0;
				TARGETED_DEVICE_FAMILY = "1,2";
				TEST_TARGET_NAME = JailbreakDetector;
			};
			name = Debug;
		};
		203F1A682B5299750069C4D6 /* Release */ = {
			isa = XCBuildConfiguration;
			buildSettings = {
				ALWAYS_EMBED_SWIFT_STANDARD_LIBRARIES = YES;
				CODE_SIGN_STYLE = Automatic;
				CURRENT_PROJECT_VERSION = 1;
				DEVELOPMENT_TEAM = WQ6E4DAU7T;
				GENERATE_INFOPLIST_FILE = YES;
				MARKETING_VERSION = 1.0;
				PRODUCT_BUNDLE_IDENTIFIER = com.ryosism.JailbreakDetectorUITests;
				PRODUCT_NAME = "$(TARGET_NAME)";
				SWIFT_EMIT_LOC_STRINGS = NO;
				SWIFT_VERSION = 5.0;
				TARGETED_DEVICE_FAMILY = "1,2";
				TEST_TARGET_NAME = JailbreakDetector;
			};
			name = Release;
		};
/* End XCBuildConfiguration section */

/* Begin XCConfigurationList section */
		203F1A372B5299720069C4D6 /* Build configuration list for PBXProject "JailbreakDetector" */ = {
			isa = XCConfigurationList;
			buildConfigurations = (
				203F1A5E2B5299750069C4D6 /* Debug */,
				203F1A5F2B5299750069C4D6 /* Release */,
			);
			defaultConfigurationIsVisible = 0;
			defaultConfigurationName = Release;
		};
		203F1A602B5299750069C4D6 /* Build configuration list for PBXNativeTarget "JailbreakDetector" */ = {
			isa = XCConfigurationList;
			buildConfigurations = (
				203F1A612B5299750069C4D6 /* Debug */,
				203F1A622B5299750069C4D6 /* Release */,
			);
			defaultConfigurationIsVisible = 0;
			defaultConfigurationName = Release;
		};
		203F1A632B5299750069C4D6 /* Build configuration list for PBXNativeTarget "JailbreakDetectorTests" */ = {
			isa = XCConfigurationList;
			buildConfigurations = (
				203F1A642B5299750069C4D6 /* Debug */,
				203F1A652B5299750069C4D6 /* Release */,
			);
			defaultConfigurationIsVisible = 0;
			defaultConfigurationName = Release;
		};
		203F1A662B5299750069C4D6 /* Build configuration list for PBXNativeTarget "JailbreakDetectorUITests" */ = {
			isa = XCConfigurationList;
			buildConfigurations = (
				203F1A672B5299750069C4D6 /* Debug */,
				203F1A682B5299750069C4D6 /* Release */,
			);
			defaultConfigurationIsVisible = 0;
			defaultConfigurationName = Release;
		};
/* End XCConfigurationList section */
	};
	rootObject = 203F1A342B5299720069C4D6 /* Project object */;
}
